# This file was autogenerated by Stack.
# You should not edit this file by hand.
# For more information, please see the documentation at:
#   https://docs.haskellstack.org/en/stable/lock_files

packages:
- completed:
    hackage: pretty-simple-4.1.0.0@sha256:2e64bc4de394d88283d259c66931a69d8bcddd50632cf4b4c76a893b1402903f,4113
    pantry-tree:
      size: 1229
      sha256: f4cdacebd7469e04069f5ac8c5a788de2598a48ad0e82bd329addc9f8c41e233
  original:
    hackage: pretty-simple-4.1.0.0@sha256:2e64bc4de394d88283d259c66931a69d8bcddd50632cf4b4c76a893b1402903f,4113
- completed:
    hackage: containers-0.6.5.1@sha256:a029734132bb3471f8a91e3deaa095581a97410c405a1c665643053db87d87c1,2596
    pantry-tree:
      size: 2823
      sha256: 86234e3221f6fa50e82d860a8428005ac3ff19fea92103ff79a3047cd5cd1625
  original:
    hackage: containers-0.6.5.1@sha256:a029734132bb3471f8a91e3deaa095581a97410c405a1c665643053db87d87c1,2596
- completed:
    hackage: Cabal-3.6.3.0@sha256:ff97c442b0c679c1c9876acd15f73ac4f602b973c45bde42b43ec28265ee48f4,12459
    pantry-tree:
      size: 19757
      sha256: b250a53bdb56844f047a2927833bb565b936a289abfa85dfc2a63148d776368a
  original:
    hackage: Cabal-3.6.3.0@sha256:ff97c442b0c679c1c9876acd15f73ac4f602b973c45bde42b43ec28265ee48f4,12459
- completed:
    hackage: binary-0.8.9.0@sha256:9cac9a1d86bfa3e7f75cc8bffaa256f3967ebb6d76f67a42f9679384c5c5e18a,6523
    pantry-tree:
      size: 1976
      sha256: 61308af6be2cdb6ba09390d35f3fa1ebb45e3af688bf04922658532398eaa276
  original:
    hackage: binary-0.8.9.0@sha256:9cac9a1d86bfa3e7f75cc8bffaa256f3967ebb6d76f67a42f9679384c5c5e18a,6523
- completed:
    hackage: Stack-0.4.0@sha256:ada69a23ed9bbaf97260397f6b39b7a1f4e22a11bcac3fe2e8f23f1513f59fd8,1092
    pantry-tree:
      size: 355
      sha256: 4a0e8d5c268b9d19cb472ac94f0e2291afbb899ce4f5878bbbe86effeba36c6f
  original:
    hackage: Stack-0.4.0@sha256:ada69a23ed9bbaf97260397f6b39b7a1f4e22a11bcac3fe2e8f23f1513f59fd8,1092
- completed:
    hackage: parsec-3.1.15.0@sha256:a162d4cc8884014ba35192545cad293af0529fe11497aad8834bbaaa3dfffc26,4429
    pantry-tree:
      size: 2630
      sha256: cbddc1e3c5ada6925354850cc0a8fadcd8643689098a504a0ed25ef9e0b932b8
  original:
    hackage: parsec-3.1.15.0@sha256:a162d4cc8884014ba35192545cad293af0529fe11497aad8834bbaaa3dfffc26,4429
- completed:
    hackage: text-1.2.5.0@sha256:791f0f6c97ed96113f17ab520cf0efe1a3a4f883a8c85910a5660567c8241c40,7895
    pantry-tree:
      size: 7395
      sha256: f41504ec5c04a3f3358ef104362f02fdef29cbce4e5e4e6dbd6b6db70c40d4bf
  original:
    hackage: text-1.2.5.0
- completed:
    hackage: statistics-0.16.1.0@sha256:68c719c034370839f7e8846bf2a79cdd5a205590755e2cd7d2f70cbd7e46b736,5618
    pantry-tree:
      size: 5335
      sha256: 3ddc60975289f9a0726fbf6c98f8004caa3365a1bf5d6a1c4fcf399203f405be
  original:
    hackage: statistics-0.16.1.0@sha256:68c719c034370839f7e8846bf2a79cdd5a205590755e2cd7d2f70cbd7e46b736,5618
snapshots:
- completed:
    size: 618683
    url: https://raw.githubusercontent.com/commercialhaskell/stackage-snapshots/master/lts/19/4.yaml
    sha256: d4ee004c46ba878d2f304f5d748d493057be579192a8d148527f3ba55c9df57f
  original:
    url: https://raw.githubusercontent.com/commercialhaskell/stackage-snapshots/master/lts/19/4.yaml
